<?xml version="1.0" encoding="utf-8"?>
<Project ToolsVersion="4.0" xmlns="http://schemas.microsoft.com/developer/msbuild/2003">
  <ItemGroup>
    <Filter Include="源文件">
      <UniqueIdentifier>{4FC737F1-C7A5-4376-A066-2A32D752A2FF}</UniqueIdentifier>
      <Extensions>cpp;c;cc;cxx;c++;cppm;ixx;def;odl;idl;hpj;bat;asm;asmx</Extensions>
    </Filter>
    <Filter Include="头文件">
      <UniqueIdentifier>{93995380-89BD-4b04-88EB-625FBE52EBFB}</UniqueIdentifier>
      <Extensions>h;hh;hpp;hxx;h++;hm;inl;inc;ipp;xsd</Extensions>
    </Filter>
    <Filter Include="资源文件">
      <UniqueIdentifier>{67DA6AB6-F800-4c08-8B7A-83BB121AAD01}</UniqueIdentifier>
      <Extensions>rc;ico;cur;bmp;dlg;rc2;rct;bin;rgs;gif;jpg;jpeg;jpe;resx;tiff;tif;png;wav;mfcribbon-ms</Extensions>
    </Filter>
  </ItemGroup>
  <ItemGroup>
    <ClInclude Include="Bank-management.h">
      <Filter>头文件</Filter>
    </ClInclude>
    <ClInclude Include="Bank-managementDlg.h">
      <Filter>头文件</Filter>
    </ClInclude>
    <ClInclude Include="framework.h">
      <Filter>头文件</Filter>
    </ClInclude>
    <ClInclude Include="targetver.h">
      <Filter>头文件</Filter>
    </ClInclude>
    <ClInclude Include="Resource.h">
      <Filter>头文件</Filter>
    </ClInclude>
    <ClInclude Include="pch.h">
      <Filter>头文件</Filter>
    </ClInclude>
    <ClInclude Include="CRegist.h">
      <Filter>头文件</Filter>
    </ClInclude>
    <ClInclude Include="CManager_oper.h">
      <Filter>头文件</Filter>
    </ClInclude>
    <ClInclude Include="CDrawcash.h">
      <Filter>头文件</Filter>
    </ClInclude>
    <ClInclude Include="CDeposit.h">
      <Filter>头文件</Filter>
    </ClInclude>
    <ClInclude Include="CManager_regist.h">
      <Filter>头文件</Filter>
    </ClInclude>
    <ClInclude Include="CDelete.h">
      <Filter>头文件</Filter>
    </ClInclude>
    <ClInclude Include="CUpdate.h">
      <Filter>头文件</Filter>
    </ClInclude>
    <ClInclude Include="Cuser_operate.h">
      <Filter>头文件</Filter>
    </ClInclude>
    <ClInclude Include="CTransfer.h">
      <Filter>头文件</Filter>
    </ClInclude>
    <ClInclude Include="CReport.h">
      <Filter>头文件</Filter>
    </ClInclude>
    <ClInclude Include="COutput.h">
      <Filter>头文件</Filter>
    </ClInclude>
    <ClInclude Include="CSetrate.h">
      <Filter>头文件</Filter>
    </ClInclude>
  </ItemGroup>
  <ItemGroup>
    <ClCompile Include="Bank-management.cpp">
      <Filter>源文件</Filter>
    </ClCompile>
    <ClCompile Include="Bank-managementDlg.cpp">
      <Filter>源文件</Filter>
    </ClCompile>
    <ClCompile Include="pch.cpp">
      <Filter>源文件</Filter>
    </ClCompile>
    <ClCompile Include="CRegist.cpp">
      <Filter>源文件</Filter>
    </ClCompile>
    <ClCompile Include="CManager_oper.cpp">
      <Filter>源文件</Filter>
    </ClCompile>
    <ClCompile Include="CDrawcash.cpp">
      <Filter>源文件</Filter>
    </ClCompile>
    <ClCompile Include="CDeposit.cpp">
      <Filter>源文件</Filter>
    </ClCompile>
    <ClCompile Include="CManager_regist.cpp">
      <Filter>源文件</Filter>
    </ClCompile>
    <ClCompile Include="CDelete.cpp">
      <Filter>源文件</Filter>
    </ClCompile>
    <ClCompile Include="CUpdate.cpp">
      <Filter>源文件</Filter>
    </ClCompile>
    <ClCompile Include="Cuser_operate.cpp">
      <Filter>源文件</Filter>
    </ClCompile>
    <ClCompile Include="CTransfer.cpp">
      <Filter>源文件</Filter>
    </ClCompile>
    <ClCompile Include="CReport.cpp">
      <Filter>源文件</Filter>
    </ClCompile>
    <ClCompile Include="COutput.cpp">
      <Filter>源文件</Filter>
    </ClCompile>
    <ClCompile Include="CSetrate.cpp">
      <Filter>源文件</Filter>
    </ClCompile>
  </ItemGroup>
  <ItemGroup>
    <ResourceCompile Include="Bankmanagement.rc">
      <Filter>资源文件</Filter>
    </ResourceCompile>
  </ItemGroup>
  <ItemGroup>
    <None Include="res\Bankmanagement.rc2">
      <Filter>资源文件</Filter>
    </None>
  </ItemGroup>
  <ItemGroup>
    <Image Include="res\Bank-management.ico">
      <Filter>资源文件</Filter>
    </Image>
  </ItemGroup>
</Project>